
Microsoft Visual Studio Solution File, Format Version 12.00
# Visual Studio Version 16
VisualStudioVersion = 16.0.29306.81
MinimumVisualStudioVersion = 10.0.40219.1
Project("{FAE04EC0-301F-11D3-BF4B-00C04F79EFBC}") = "FileReadAndWrite", "FileReadAndWrite\FileReadAndWrite.csproj", "{CE510860-CC1D-4787-96F6-415FAC56BB8A}"
EndProject
Global
	GlobalSection(SolutionConfigurationPlatforms) = preSolution
		Debug|Any CPU = Debug|Any CPU
		Release|Any CPU = Release|Any CPU
	EndGlobalSection
	GlobalSection(ProjectConfigurationPlatforms) = postSolution
		{CE510860-CC1D-4787-96F6-415FAC56BB8A}.Debug|Any CPU.ActiveCfg = Debug|Any CPU
		{CE510860-CC1D-4787-96F6-415FAC56BB8A}.Debug|Any CPU.Build.0 = Debug|Any CPU
		{CE510860-CC1D-4787-96F6-415FAC56BB8A}.Release|Any CPU.ActiveCfg = Release|Any CPU
		{CE510860-CC1D-4787-96F6-415FAC56BB8A}.Release|Any CPU.Build.0 = Release|Any CPU
	EndGlobalSection
	GlobalSection(SolutionProperties) = preSolution
		HideSolutionNode = FALSE
	EndGlobalSection
	GlobalSection(ExtensibilityGlobals) = postSolution
		SolutionGuid = {82A176E4-3F18-4AD5-ABFC-A3A45F803BAA}
	EndGlobalSection
EndGlobal
